
Microsoft Visual Studio Solution File, Format Version 12.00
# Visual Studio Version 17
VisualStudioVersion = 17.0.31912.275
MinimumVisualStudioVersion = 10.0.40219.1
Project("{FAE04EC0-301F-11D3-BF4B-00C04F79EFBC}") = "Globus.App", "Globus.App\Globus.App.csproj", "{F4E45395-09D8-4F53-9729-8A6B845AABA3}"
EndProject
Global
	GlobalSection(SolutionConfigurationPlatforms) = preSolution
		Debug|Any CPU = Debug|Any CPU
		Release|Any CPU = Release|Any CPU
	EndGlobalSection
	GlobalSection(ProjectConfigurationPlatforms) = postSolution
		{F4E45395-09D8-4F53-9729-8A6B845AABA3}.Debug|Any CPU.ActiveCfg = Debug|Any CPU
		{F4E45395-09D8-4F53-9729-8A6B845AABA3}.Debug|Any CPU.Build.0 = Debug|Any CPU
		{F4E45395-09D8-4F53-9729-8A6B845AABA3}.Release|Any CPU.ActiveCfg = Release|Any CPU
		{F4E45395-09D8-4F53-9729-8A6B845AABA3}.Release|Any CPU.Build.0 = Release|Any CPU
	EndGlobalSection
	GlobalSection(SolutionProperties) = preSolution
		HideSolutionNode = FALSE
	EndGlobalSection
	GlobalSection(ExtensibilityGlobals) = postSolution
		SolutionGuid = {C52CD6C9-AC67-46E4-B8FB-B57F28217CE3}
	EndGlobalSection
EndGlobal
